
Microsoft Visual Studio Solution File, Format Version 12.00
# Visual Studio Version 17
VisualStudioVersion = 17.14.37111.16 d17.14
MinimumVisualStudioVersion = 10.0.40219.1
Project("{FAE04EC0-301F-11D3-BF4B-00C04F79EFBC}") = "GlobalSignTest", "GlobalSignTest.csproj", "{764E55E4-ADF1-40BE-B452-155499C971B9}"
EndProject
Global
	GlobalSection(SolutionConfigurationPlatforms) = preSolution
		Debug|Any CPU = Debug|Any CPU
		Release|Any CPU = Release|Any CPU
	EndGlobalSection
	GlobalSection(ProjectConfigurationPlatforms) = postSolution
		{764E55E4-ADF1-40BE-B452-155499C971B9}.Debug|Any CPU.ActiveCfg = Debug|Any CPU
		{764E55E4-ADF1-40BE-B452-155499C971B9}.Debug|Any CPU.Build.0 = Debug|Any CPU
		{764E55E4-ADF1-40BE-B452-155499C971B9}.Release|Any CPU.ActiveCfg = Release|Any CPU
		{764E55E4-ADF1-40BE-B452-155499C971B9}.Release|Any CPU.Build.0 = Release|Any CPU
	EndGlobalSection
	GlobalSection(SolutionProperties) = preSolution
		HideSolutionNode = FALSE
	EndGlobalSection
	GlobalSection(ExtensibilityGlobals) = postSolution
		SolutionGuid = {E162D6A1-8377-4019-B197-9F917805D4C1}
	EndGlobalSection
EndGlobal
